PODS:
  - AFNetworking (3.2.1):
    - AFNetworking/NSURLSession (= 3.2.1)
    - AFNetworking/Reachability (= 3.2.1)
    - AFNetworking/Security (= 3.2.1)
    - AFNetworking/Serialization (= 3.2.1)
    - AFNetworking/UIKit (= 3.2.1)
  - AFNetworking/NSURLSession (3.2.1):
    - AFNetworking/Reachability
    - AFNetworking/Security
    - AFNetworking/Serialization
  - AFNetworking/Reachability (3.2.1)
  - AFNetworking/Security (3.2.1)
  - AFNetworking/Serialization (3.2.1)
  - AFNetworking/UIKit (3.2.1):
    - AFNetworking/NSURLSession
  - dsBridge (3.0.6)
  - MJExtension (3.2.1)
  - SDWebImage (5.3.1):
    - SDWebImage/Core (= 5.3.1)
  - SDWebImage/Core (5.3.1)
  - SVProgressHUD (2.2.5)
  - WFBasics (0.3.5):
    - AFNetworking
    - SVProgressHUD
    - WYAutoLayout
  - WFBusSchool (0.1.6):
    - MJExtension
    - SDWebImage
    - WFBasics
    - WFKitMain
    - WKFunComponents
  - WFKitMain (0.2.8):
    - dsBridge
    - WFBasics
  - WKFunComponents (0.1.1)
  - WYAutoLayout (1.0.1)

DEPENDENCIES:
  - WFBusSchool (from `../`)

SPEC REPOS:
  https://github.com/cocoapods/specs.git:
    - AFNetworking
    - dsBridge
    - MJExtension
    - SDWebImage
    - SVProgressHUD
    - WYAutoLayout
  https://github.com/WyICSP/WFSpecs.git:
    - WFBasics
    - WFKitMain
    - WKFunComponents

EXTERNAL SOURCES:
  WFBusSchool:
    :path: "../"

SPEC CHECKSUMS:
  AFNetworking: b6f891fdfaed196b46c7a83cf209e09697b94057
  dsBridge: 48b62ee8a411ad601a88d6f6c8cf6cb634b206b7
  MJExtension: 635f2c663dcb1bf76fa4b715b2570a5710aec545
  SDWebImage: 7137d57385fb632129838c1e6ab9528a22c666cc
  SVProgressHUD: 1428aafac632c1f86f62aa4243ec12008d7a51d6
  WFBasics: 14f06bb607c33d8d684bfa4af39a84945bdd8d2f
  WFBusSchool: 8794bb8bf9499c4af5ffd191c61df0ad114f2766
  WFKitMain: 9fa8a908105ce2f9ace575538ae280eef5a94fc6
  WKFunComponents: 359e5059c096338eee60fee1d7146b701ed30372
  WYAutoLayout: 3cb136ddc2efa9faaecf15876e6a9b2a6fd7c6cb

PODFILE CHECKSUM: 0d2b8a26c728d487ddd64763c7fbc54afde0ee28

COCOAPODS: 1.7.3
